Microsoft Visual Studio Solution File, Format Version 11.00
# Visual Studio 2008

Project("{16EEE54E-1A38-902C-37B8-0A066608D83D}") = "Simple VR App", "Assembly-CSharp.csproj", "{F1AC6149-7618-A3CF-E85E-B3A011DDE1C8}"
EndProject
Project("{16EEE54E-1A38-902C-37B8-0A066608D83D}") = "Simple VR App", "Assembly-CSharp-Editor.csproj", "{DFF18264-EC55-397E-EC86-1DE0CD37EFAA}"
EndProject
Global
	GlobalSection(SolutionConfigurationPlatforms) = preSolution
		Debug|Any CPU = Debug|Any CPU
		Release|Any CPU = Release|Any CPU
	EndGlobalSection
	GlobalSection(ProjectConfigurationPlatforms) = postSolution
		{F1AC6149-7618-A3CF-E85E-B3A011DDE1C8}.Debug|Any CPU.ActiveCfg = Debug|Any CPU
		{F1AC6149-7618-A3CF-E85E-B3A011DDE1C8}.Debug|Any CPU.Build.0 = Debug|Any CPU
		{F1AC6149-7618-A3CF-E85E-B3A011DDE1C8}.Release|Any CPU.ActiveCfg = Release|Any CPU
		{F1AC6149-7618-A3CF-E85E-B3A011DDE1C8}.Release|Any CPU.Build.0 = Release|Any CPU
		{DFF18264-EC55-397E-EC86-1DE0CD37EFAA}.Debug|Any CPU.ActiveCfg = Debug|Any CPU
		{DFF18264-EC55-397E-EC86-1DE0CD37EFAA}.Debug|Any CPU.Build.0 = Debug|Any CPU
		{DFF18264-EC55-397E-EC86-1DE0CD37EFAA}.Release|Any CPU.ActiveCfg = Release|Any CPU
		{DFF18264-EC55-397E-EC86-1DE0CD37EFAA}.Release|Any CPU.Build.0 = Release|Any CPU
	EndGlobalSection
	GlobalSection(SolutionProperties) = preSolution
		HideSolutionNode = FALSE
	EndGlobalSection
	GlobalSection(MonoDevelopProperties) = preSolution
		StartupItem = Assembly-CSharp.csproj
	EndGlobalSection
EndGlobal
